// !$*UTF8*$!
{
	archiveVersion = 1;
	classes = {
	};
	objectVersion = 46;
	objects = {

/* Begin PBXBuildFile section */
		A30843291E7AC1400002BEAB /* main.m in Sources */ = {isa = PBXBuildFile; fileRef = A30843281E7AC1400002BEAB /* main.m */; };
		A308432C1E7AC1400002BEAB /* AppDelegate.m in Sources */ = {isa = PBXBuildFile; fileRef = A308432B1E7AC1400002BEAB /* AppDelegate.m */; };
		A308432F1E7AC1400002BEAB /* ViewController.m in Sources */ = {isa = PBXBuildFile; fileRef = A308432E1E7AC1400002BEAB /* ViewController.m */; };
		A30843321E7AC1400002BEAB /* Main.storyboard in Resources */ = {isa = PBXBuildFile; fileRef = A30843301E7AC1400002BEAB /* Main.storyboard */; };
		A30843341E7AC1400002BEAB /* Assets.xcassets in Resources */ = {isa = PBXBuildFile; fileRef = A30843331E7AC1400002BEAB /* Assets.xcassets */; };
		A30843371E7AC1400002BEAB /* LaunchScreen.storyboard in Resources */ = {isa = PBXBuildFile; fileRef = A30843351E7AC1400002BEAB /* LaunchScreen.storyboard */; };
		A30843401E7AC1770002BEAB /* GLCoreDataManager.m in Sources */ = {isa = PBXBuildFile; fileRef = A308433F1E7AC1770002BEAB /* GLCoreDataManager.m */; };
		A30843431E7AC3E80002BEAB /* Student.xcdatamodeld in Sources */ = {isa = PBXBuildFile; fileRef = A30843411E7AC3E80002BEAB /* Student.xcdatamodeld */; };
		A308434E1E7AC41D0002BEAB /* Student+CoreDataProperties.m in Sources */ = {isa = PBXBuildFile; fileRef = A308434C1E7AC41D0002BEAB /* Student+CoreDataProperties.m */; };
/* End PBXBuildFile section */

/* Begin PBXFileReference section */
		A30843241E7AC1400002BEAB /* 02-自创CoreData.app */ = {isa = PBXFileReference; explicitFileType = wrapper.application; includeInIndex = 0; path = "02-自创CoreData.app"; sourceTree = BUILT_PRODUCTS_DIR; };
		A30843281E7AC1400002BEAB /* main.m */ = {isa = PBXFileReference; lastKnownFileType = sourcecode.c.objc; path = main.m; sourceTree = "<group>"; };
		A308432A1E7AC1400002BEAB /* AppDelegate.h */ = {isa = PBXFileReference; lastKnownFileType = sourcecode.c.h; path = AppDelegate.h; sourceTree = "<group>"; };
		A308432B1E7AC1400002BEAB /* AppDelegate.m */ = {isa = PBXFileReference; lastKnownFileType = sourcecode.c.objc; path = AppDelegate.m; sourceTree = "<group>"; };
		A308432D1E7AC1400002BEAB /* ViewController.h */ = {isa = PBXFileReference; lastKnownFileType = sourcecode.c.h; path = ViewController.h; sourceTree = "<group>"; };
		A308432E1E7AC1400002BEAB /* ViewController.m */ = {isa = PBXFileReference; lastKnownFileType = sourcecode.c.objc; path = ViewController.m; sourceTree = "<group>"; };
		A30843311E7AC1400002BEAB /* Base */ = {isa = PBXFileReference; lastKnownFileType = file.storyboard; name = Base; path = Base.lproj/Main.storyboard; sourceTree = "<group>"; };
		A30843331E7AC1400002BEAB /* Assets.xcassets */ = {isa = PBXFileReference; lastKnownFileType = folder.assetcatalog; path = Assets.xcassets; sourceTree = "<group>"; };
		A30843361E7AC1400002BEAB /* Base */ = {isa = PBXFileReference; lastKnownFileType = file.storyboard; name = Base; path = Base.lproj/LaunchScreen.storyboard; sourceTree = "<group>"; };
		A30843381E7AC1400002BEAB /* Info.plist */ = {isa = PBXFileReference; lastKnownFileType = text.plist.xml; path = Info.plist; sourceTree = "<group>"; };
		A308433E1E7AC1770002BEAB /* GLCoreDataManager.h */ = {isa = PBXFileReference; fileEncoding = 4; lastKnownFileType = sourcecode.c.h; path = GLCoreDataManager.h; sourceTree = "<group>"; };
		A308433F1E7AC1770002BEAB /* GLCoreDataManager.m */ = {isa = PBXFileReference; fileEncoding = 4; lastKnownFileType = sourcecode.c.objc; path = GLCoreDataManager.m; sourceTree = "<group>"; };
		A30843421E7AC3E80002BEAB /* Student.xcdatamodel */ = {isa = PBXFileReference; lastKnownFileType = wrapper.xcdatamodel; path = Student.xcdatamodel; sourceTree = "<group>"; };
		A30843441E7AC40B0002BEAB /* 02-自创CoreData-Bridging-Header.h */ = {isa = PBXFileReference; lastKnownFileType = sourcecode.c.h; path = "02-自创CoreData-Bridging-Header.h"; sourceTree = "<group>"; };
		A30843491E7AC41D0002BEAB /* Student+CoreDataClass.h */ = {isa = PBXFileReference; fileEncoding = 4; lastKnownFileType = sourcecode.c.h; path = "Student+CoreDataClass.h"; sourceTree = "<group>"; };
		A308434A1E7AC41D0002BEAB /* Student+CoreDataClass.m */ = {isa = PBXFileReference; fileEncoding = 4; lastKnownFileType = sourcecode.c.objc; path = "Student+CoreDataClass.m"; sourceTree = "<group>"; };
		A308434B1E7AC41D0002BEAB /* Student+CoreDataProperties.h */ = {isa = PBXFileReference; fileEncoding = 4; lastKnownFileType = sourcecode.c.h; path = "Student+CoreDataProperties.h"; sourceTree = "<group>"; };
		A308434C1E7AC41D0002BEAB /* Student+CoreDataProperties.m */ = {isa = PBXFileReference; fileEncoding = 4; lastKnownFileType = sourcecode.c.objc; path = "Student+CoreDataProperties.m"; sourceTree = "<group>"; };
/* End PBXFileReference section */

/* Begin PBXFrameworksBuildPhase section */
		A30843211E7AC1400002BEAB /* Frameworks */ = {
			isa = PBXFrameworksBuildPhase;
			buildActionMask = 2147483647;
			files = (
			);
			runOnlyForDeploymentPostprocessing = 0;
		};
/* End PBXFrameworksBuildPhase section */

/* Begin PBXGroup section */
		A308431B1E7AC1400002BEAB = {
			isa = PBXGroup;
			children = (
				A30843491E7AC41D0002BEAB /* Student+CoreDataClass.h */,
				A308434A1E7AC41D0002BEAB /* Student+CoreDataClass.m */,
				A308434B1E7AC41D0002BEAB /* Student+CoreDataProperties.h */,
				A308434C1E7AC41D0002BEAB /* Student+CoreDataProperties.m */,
				A30843411E7AC3E80002BEAB /* Student.xcdatamodeld */,
				A30843261E7AC1400002BEAB /* 02-自创CoreData */,
				A30843251E7AC1400002BEAB /* Products */,
				A30843441E7AC40B0002BEAB /* 02-自创CoreData-Bridging-Header.h */,
			);
			sourceTree = "<group>";
		};
		A30843251E7AC1400002BEAB /* Products */ = {
			isa = PBXGroup;
			children = (
				A30843241E7AC1400002BEAB /* 02-自创CoreData.app */,
			);
			name = Products;
			sourceTree = "<group>";
		};
		A30843261E7AC1400002BEAB /* 02-自创CoreData */ = {
			isa = PBXGroup;
			children = (
				A308432A1E7AC1400002BEAB /* AppDelegate.h */,
				A308432B1E7AC1400002BEAB /* AppDelegate.m */,
				A308432D1E7AC1400002BEAB /* ViewController.h */,
				A308432E1E7AC1400002BEAB /* ViewController.m */,
				A30843301E7AC1400002BEAB /* Main.storyboard */,
				A308433E1E7AC1770002BEAB /* GLCoreDataManager.h */,
				A308433F1E7AC1770002BEAB /* GLCoreDataManager.m */,
				A30843331E7AC1400002BEAB /* Assets.xcassets */,
				A30843351E7AC1400002BEAB /* LaunchScreen.storyboard */,
				A30843381E7AC1400002BEAB /* Info.plist */,
				A30843271E7AC1400002BEAB /* Supporting Files */,
			);
			path = "02-自创CoreData";
			sourceTree = "<group>";
		};
		A30843271E7AC1400002BEAB /* Supporting Files */ = {
			isa = PBXGroup;
			children = (
				A30843281E7AC1400002BEAB /* main.m */,
			);
			name = "Supporting Files";
			sourceTree = "<group>";
		};
/* End PBXGroup section */

/* Begin PBXNativeTarget section */
		A30843231E7AC1400002BEAB /* 02-自创CoreData */ = {
			isa = PBXNativeTarget;
			buildConfigurationList = A308433B1E7AC1400002BEAB /* Build configuration list for PBXNativeTarget "02-自创CoreData" */;
			buildPhases = (
				A30843201E7AC1400002BEAB /* Sources */,
				A30843211E7AC1400002BEAB /* Frameworks */,
				A30843221E7AC1400002BEAB /* Resources */,
			);
			buildRules = (
			);
			dependencies = (
			);
			name = "02-自创CoreData";
			productName = "02-自创CoreData";
			productReference = A30843241E7AC1400002BEAB /* 02-自创CoreData.app */;
			productType = "com.apple.product-type.application";
		};
/* End PBXNativeTarget section */

/* Begin PBXProject section */
		A308431C1E7AC1400002BEAB /* Project object */ = {
			isa = PBXProject;
			attributes = {
				LastUpgradeCheck = 0810;
				ORGANIZATIONNAME = guolong;
				TargetAttributes = {
					A30843231E7AC1400002BEAB = {
						CreatedOnToolsVersion = 8.1;
						LastSwiftMigration = 0810;
						ProvisioningStyle = Automatic;
					};
				};
			};
			buildConfigurationList = A308431F1E7AC1400002BEAB /* Build configuration list for PBXProject "02-自创CoreData" */;
			compatibilityVersion = "Xcode 3.2";
			developmentRegion = English;
			hasScannedForEncodings = 0;
			knownRegions = (
				en,
				Base,
			);
			mainGroup = A308431B1E7AC1400002BEAB;
			productRefGroup = A30843251E7AC1400002BEAB /* Products */;
			projectDirPath = "";
			projectRoot = "";
			targets = (
				A30843231E7AC1400002BEAB /* 02-自创CoreData */,
			);
		};
/* End PBXProject section */

/* Begin PBXResourcesBuildPhase section */
		A30843221E7AC1400002BEAB /* Resources */ = {
			isa = PBXResourcesBuildPhase;
			buildActionMask = 2147483647;
			files = (
				A30843371E7AC1400002BEAB /* LaunchScreen.storyboard in Resources */,
				A30843341E7AC1400002BEAB /* Assets.xcassets in Resources */,
				A30843321E7AC1400002BEAB /* Main.storyboard in Resources */,
			);
			runOnlyForDeploymentPostprocessing = 0;
		};
/* End PBXResourcesBuildPhase section */

/* Begin PBXSourcesBuildPhase section */
		A30843201E7AC1400002BEAB /* Sources */ = {
			isa = PBXSourcesBuildPhase;
			buildActionMask = 2147483647;
			files = (
				A308432F1E7AC1400002BEAB /* ViewController.m in Sources */,
				A308432C1E7AC1400002BEAB /* AppDelegate.m in Sources */,
				A30843431E7AC3E80002BEAB /* Student.xcdatamodeld in Sources */,
				A30843291E7AC1400002BEAB /* main.m in Sources */,
				A308434E1E7AC41D0002BEAB /* Student+CoreDataProperties.m in Sources */,
				A30843401E7AC1770002BEAB /* GLCoreDataManager.m in Sources */,
			);
			runOnlyForDeploymentPostprocessing = 0;
		};
/* End PBXSourcesBuildPhase section */

/* Begin PBXVariantGroup section */
		A30843301E7AC1400002BEAB /* Main.storyboard */ = {
			isa = PBXVariantGroup;
			children = (
				A30843311E7AC1400002BEAB /* Base */,
			);
			name = Main.storyboard;
			sourceTree = "<group>";
		};
		A30843351E7AC1400002BEAB /* LaunchScreen.storyboard */ = {
			isa = PBXVariantGroup;
			children = (
				A30843361E7AC1400002BEAB /* Base */,
			);
			name = LaunchScreen.storyboard;
			sourceTree = "<group>";
		};
/* End PBXVariantGroup section */

/* Begin XCBuildConfiguration section */
		A30843391E7AC1400002BEAB /* Debug */ = {
			isa = XCBuildConfiguration;
			buildSettings = {
				ALWAYS_SEARCH_USER_PATHS = NO;
				CLANG_ANALYZER_NONNULL = YES;
				CLANG_CXX_LANGUAGE_STANDARD = "gnu++0x";
				CLANG_CXX_LIBRARY = "libc++";
				CLANG_ENABLE_MODULES = YES;
				CLANG_ENABLE_OBJC_ARC = YES;
				CLANG_WARN_BOOL_CONVERSION = YES;
				CLANG_WARN_CONSTANT_CONVERSION = YES;
				CLANG_WARN_DIRECT_OBJC_ISA_USAGE = YES_ERROR;
				CLANG_WARN_DOCUMENTATION_COMMENTS = YES;
				CLANG_WARN_EMPTY_BODY = YES;
				CLANG_WARN_ENUM_CONVERSION = YES;
				CLANG_WARN_INFINITE_RECURSION = YES;
				CLANG_WARN_INT_CONVERSION = YES;
				CLANG_WARN_OBJC_ROOT_CLASS = YES_ERROR;
				CLANG_WARN_SUSPICIOUS_MOVES = YES;
				CLANG_WARN_UNREACHABLE_CODE = YES;
				CLANG_WARN__DUPLICATE_METHOD_MATCH = YES;
				"CODE_SIGN_IDENTITY[sdk=iphoneos*]" = "iPhone Developer";
				COPY_PHASE_STRIP = NO;
				DEBUG_INFORMATION_FORMAT = dwarf;
				ENABLE_STRICT_OBJC_MSGSEND = YES;
				ENABLE_TESTABILITY = YES;
				GCC_C_LANGUAGE_STANDARD = gnu99;
				GCC_DYNAMIC_NO_PIC = NO;
				GCC_NO_COMMON_BLOCKS = YES;
				GCC_OPTIMIZATION_LEVEL = 0;
				GCC_PREPROCESSOR_DEFINITIONS = (
					"DEBUG=1",
					"$(inherited)",
				);
				GCC_WARN_64_TO_32_BIT_CONVERSION = YES;
				GCC_WARN_ABOUT_RETURN_TYPE = YES_ERROR;
				GCC_WARN_UNDECLARED_SELECTOR = YES;
				GCC_WARN_UNINITIALIZED_AUTOS = YES_AGGRESSIVE;
				GCC_WARN_UNUSED_FUNCTION = YES;
				GCC_WARN_UNUSED_VARIABLE = YES;
				IPHONEOS_DEPLOYMENT_TARGET = 10.1;
				MTL_ENABLE_DEBUG_INFO = YES;
				ONLY_ACTIVE_ARCH = YES;
				SDKROOT = iphoneos;
			};
			name = Debug;
		};
		A308433A1E7AC1400002BEAB /* Release */ = {
			isa = XCBuildConfiguration;
			buildSettings = {
				ALWAYS_SEARCH_USER_PATHS = NO;
				CLANG_ANALYZER_NONNULL = YES;
				CLANG_CXX_LANGUAGE_STANDARD = "gnu++0x";
				CLANG_CXX_LIBRARY = "libc++";
				CLANG_ENABLE_MODULES = YES;
				CLANG_ENABLE_OBJC_ARC = YES;
				CLANG_WARN_BOOL_CONVERSION = YES;
				CLANG_WARN_CONSTANT_CONVERSION = YES;
				CLANG_WARN_DIRECT_OBJC_ISA_USAGE = YES_ERROR;
				CLANG_WARN_DOCUMENTATION_COMMENTS = YES;
				CLANG_WARN_EMPTY_BODY = YES;
				CLANG_WARN_ENUM_CONVERSION = YES;
				CLANG_WARN_INFINITE_RECURSION = YES;
				CLANG_WARN_INT_CONVERSION = YES;
				CLANG_WARN_OBJC_ROOT_CLASS = YES_ERROR;
				CLANG_WARN_SUSPICIOUS_MOVES = YES;
				CLANG_WARN_UNREACHABLE_CODE = YES;
				CLANG_WARN__DUPLICATE_METHOD_MATCH = YES;
				"CODE_SIGN_IDENTITY[sdk=iphoneos*]" = "iPhone Developer";
				COPY_PHASE_STRIP = NO;
				DEBUG_INFORMATION_FORMAT = "dwarf-with-dsym";
				ENABLE_NS_ASSERTIONS = NO;
				ENABLE_STRICT_OBJC_MSGSEND = YES;
				GCC_C_LANGUAGE_STANDARD = gnu99;
				GCC_NO_COMMON_BLOCKS = YES;
				GCC_WARN_64_TO_32_BIT_CONVERSION = YES;
				GCC_WARN_ABOUT_RETURN_TYPE = YES_ERROR;
				GCC_WARN_UNDECLARED_SELECTOR = YES;
				GCC_WARN_UNINITIALIZED_AUTOS = YES_AGGRESSIVE;
				GCC_WARN_UNUSED_FUNCTION = YES;
				GCC_WARN_UNUSED_VARIABLE = YES;
				IPHONEOS_DEPLOYMENT_TARGET = 10.1;
				MTL_ENABLE_DEBUG_INFO = NO;
				SDKROOT = iphoneos;
				VALIDATE_PRODUCT = YES;
			};
			name = Release;
		};
		A308433C1E7AC1400002BEAB /* Debug */ = {
			isa = XCBuildConfiguration;
			buildSettings = {
				ASSETCATALOG_COMPILER_APPICON_NAME = AppIcon;
				CLANG_ENABLE_MODULES = YES;
				INFOPLIST_FILE = "02-自创CoreData/Info.plist";
				LD_RUNPATH_SEARCH_PATHS = "$(inherited) @executable_path/Frameworks";
				PRODUCT_BUNDLE_IDENTIFIER = "com.dragon.-2---CoreData";
				PRODUCT_NAME = "$(TARGET_NAME)";
				SWIFT_OBJC_BRIDGING_HEADER = "02-自创CoreData-Bridging-Header.h";
				SWIFT_OPTIMIZATION_LEVEL = "-Onone";
				SWIFT_VERSION = 3.0;
			};
			name = Debug;
		};
		A308433D1E7AC1400002BEAB /* Release */ = {
			isa = XCBuildConfiguration;
			buildSettings = {
				ASSETCATALOG_COMPILER_APPICON_NAME = AppIcon;
				CLANG_ENABLE_MODULES = YES;
				INFOPLIST_FILE = "02-自创CoreData/Info.plist";
				LD_RUNPATH_SEARCH_PATHS = "$(inherited) @executable_path/Frameworks";
				PRODUCT_BUNDLE_IDENTIFIER = "com.dragon.-2---CoreData";
				PRODUCT_NAME = "$(TARGET_NAME)";
				SWIFT_OBJC_BRIDGING_HEADER = "02-自创CoreData-Bridging-Header.h";
				SWIFT_VERSION = 3.0;
			};
			name = Release;
		};
/* End XCBuildConfiguration section */

/* Begin XCConfigurationList section */
		A308431F1E7AC1400002BEAB /* Build configuration list for PBXProject "02-自创CoreData" */ = {
			isa = XCConfigurationList;
			buildConfigurations = (
				A30843391E7AC1400002BEAB /* Debug */,
				A308433A1E7AC1400002BEAB /* Release */,
			);
			defaultConfigurationIsVisible = 0;
			defaultConfigurationName = Release;
		};
		A308433B1E7AC1400002BEAB /* Build configuration list for PBXNativeTarget "02-自创CoreData" */ = {
			isa = XCConfigurationList;
			buildConfigurations = (
				A308433C1E7AC1400002BEAB /* Debug */,
				A308433D1E7AC1400002BEAB /* Release */,
			);
			defaultConfigurationIsVisible = 0;
		};
/* End XCConfigurationList section */

/* Begin XCVersionGroup section */
		A30843411E7AC3E80002BEAB /* Student.xcdatamodeld */ = {
			isa = XCVersionGroup;
			children = (
				A30843421E7AC3E80002BEAB /* Student.xcdatamodel */,
			);
			currentVersion = A30843421E7AC3E80002BEAB /* Student.xcdatamodel */;
			path = Student.xcdatamodeld;
			sourceTree = "<group>";
			versionGroupType = wrapper.xcdatamodel;
		};
/* End XCVersionGroup section */
	};
	rootObject = A308431C1E7AC1400002BEAB /* Project object */;
}
